
Microsoft Visual Studio Solution File, Format Version 12.00
# Visual Studio Version 17
VisualStudioVersion = 17.6.33815.320
MinimumVisualStudioVersion = 10.0.40219.1
Project("{FAE04EC0-301F-11D3-BF4B-00C04F79EFBC}") = "KocamanHastanesi", "KocamanHastanesi\KocamanHastanesi.csproj", "{C57E42BF-D897-4968-B4BF-637252B8BC68}"
EndProject
Global
	GlobalSection(SolutionConfigurationPlatforms) = preSolution
		Debug|Any CPU = Debug|Any CPU
		Release|Any CPU = Release|Any CPU
	EndGlobalSection
	GlobalSection(ProjectConfigurationPlatforms) = postSolution
		{C57E42BF-D897-4968-B4BF-637252B8BC68}.Debug|Any CPU.ActiveCfg = Debug|Any CPU
		{C57E42BF-D897-4968-B4BF-637252B8BC68}.Debug|Any CPU.Build.0 = Debug|Any CPU
		{C57E42BF-D897-4968-B4BF-637252B8BC68}.Release|Any CPU.ActiveCfg = Release|Any CPU
		{C57E42BF-D897-4968-B4BF-637252B8BC68}.Release|Any CPU.Build.0 = Release|Any CPU
	EndGlobalSection
	GlobalSection(SolutionProperties) = preSolution
		HideSolutionNode = FALSE
	EndGlobalSection
	GlobalSection(ExtensibilityGlobals) = postSolution
		SolutionGuid = {4376230F-C66F-4C68-9938-D1A7662FA16D}
	EndGlobalSection
EndGlobal
