
Microsoft Visual Studio Solution File, Format Version 12.00
# Visual Studio Version 17
VisualStudioVersion = 17.6.33815.320
MinimumVisualStudioVersion = 10.0.40219.1
Project("{FAE04EC0-301F-11D3-BF4B-00C04F79EFBC}") = "Hospital-Management", "Hospital-Management\Hospital-Management.csproj", "{811E9470-E9A1-498B-87EB-CE8E742EB648}"
EndProject
Global
	GlobalSection(SolutionConfigurationPlatforms) = preSolution
		Debug|Any CPU = Debug|Any CPU
		Release|Any CPU = Release|Any CPU
	EndGlobalSection
	GlobalSection(ProjectConfigurationPlatforms) = postSolution
		{811E9470-E9A1-498B-87EB-CE8E742EB648}.Debug|Any CPU.ActiveCfg = Debug|Any CPU
		{811E9470-E9A1-498B-87EB-CE8E742EB648}.Debug|Any CPU.Build.0 = Debug|Any CPU
		{811E9470-E9A1-498B-87EB-CE8E742EB648}.Release|Any CPU.ActiveCfg = Release|Any CPU
		{811E9470-E9A1-498B-87EB-CE8E742EB648}.Release|Any CPU.Build.0 = Release|Any CPU
	EndGlobalSection
	GlobalSection(SolutionProperties) = preSolution
		HideSolutionNode = FALSE
	EndGlobalSection
	GlobalSection(ExtensibilityGlobals) = postSolution
		SolutionGuid = {55D28EF3-BC02-4D6B-80CE-15E9E3BC6591}
	EndGlobalSection
EndGlobal
